
Microsoft Visual Studio Solution File, Format Version 12.00
# Visual Studio Version 17
VisualStudioVersion = 17.2.32616.157
MinimumVisualStudioVersion = 10.0.40219.1
Project("{FAE04EC0-301F-11D3-BF4B-00C04F79EFBC}") = "splashScreen.UWP", "splashScreen.UWP\splashScreen.UWP.csproj", "{6DB183D1-28CE-4D8A-BE88-3C9BC8A4D413}"
EndProject
Project("{FAE04EC0-301F-11D3-BF4B-00C04F79EFBC}") = "splashScreen.Android", "splashScreen.Android\splashScreen.Android.csproj", "{939D332E-6CE3-4AE6-A4FE-CBE06FFEE366}"
EndProject
Project("{FAE04EC0-301F-11D3-BF4B-00C04F79EFBC}") = "splashScreen.iOS", "splashScreen.iOS\splashScreen.iOS.csproj", "{46607308-4AC8-4847-932B-A0F4AF9FA786}"
EndProject
Project("{FAE04EC0-301F-11D3-BF4B-00C04F79EFBC}") = "splashScreen", "splashScreen\splashScreen.csproj", "{F2208F0E-787A-45E5-89E2-9496CFA59272}"
EndProject
Global
	GlobalSection(SolutionConfigurationPlatforms) = preSolution
		Debug|Any CPU = Debug|Any CPU
		Debug|ARM = Debug|ARM
		Debug|iPhone = Debug|iPhone
		Debug|iPhoneSimulator = Debug|iPhoneSimulator
		Debug|x64 = Debug|x64
		Debug|x86 = Debug|x86
		Release|Any CPU = Release|Any CPU
		Release|ARM = Release|ARM
		Release|iPhone = Release|iPhone
		Release|iPhoneSimulator = Release|iPhoneSimulator
		Release|x64 = Release|x64
		Release|x86 = Release|x86
	EndGlobalSection
	GlobalSection(ProjectConfigurationPlatforms) = postSolution
		{6DB183D1-28CE-4D8A-BE88-3C9BC8A4D413}.Debug|Any CPU.ActiveCfg = Debug|x64
		{6DB183D1-28CE-4D8A-BE88-3C9BC8A4D413}.Debug|Any CPU.Build.0 = Debug|x64
		{6DB183D1-28CE-4D8A-BE88-3C9BC8A4D413}.Debug|Any CPU.Deploy.0 = Debug|x64
		{6DB183D1-28CE-4D8A-BE88-3C9BC8A4D413}.Debug|ARM.ActiveCfg = Debug|ARM
		{6DB183D1-28CE-4D8A-BE88-3C9BC8A4D413}.Debug|ARM.Build.0 = Debug|ARM
		{6DB183D1-28CE-4D8A-BE88-3C9BC8A4D413}.Debug|ARM.Deploy.0 = Debug|ARM
		{6DB183D1-28CE-4D8A-BE88-3C9BC8A4D413}.Debug|iPhone.ActiveCfg = Debug|x64
		{6DB183D1-28CE-4D8A-BE88-3C9BC8A4D413}.Debug|iPhone.Build.0 = Debug|x64
		{6DB183D1-28CE-4D8A-BE88-3C9BC8A4D413}.Debug|iPhone.Deploy.0 = Debug|x64
		{6DB183D1-28CE-4D8A-BE88-3C9BC8A4D413}.Debug|iPhoneSimulator.ActiveCfg = Debug|x64
		{6DB183D1-28CE-4D8A-BE88-3C9BC8A4D413}.Debug|iPhoneSimulator.Build.0 = Debug|x64
		{6DB183D1-28CE-4D8A-BE88-3C9BC8A4D413}.Debug|iPhoneSimulator.Deploy.0 = Debug|x64
		{6DB183D1-28CE-4D8A-BE88-3C9BC8A4D413}.Debug|x64.ActiveCfg = Debug|x64
		{6DB183D1-28CE-4D8A-BE88-3C9BC8A4D413}.Debug|x64.Build.0 = Debug|x64
		{6DB183D1-28CE-4D8A-BE88-3C9BC8A4D413}.Debug|x64.Deploy.0 = Debug|x64
		{6DB183D1-28CE-4D8A-BE88-3C9BC8A4D413}.Debug|x86.ActiveCfg = Debug|x86
		{6DB183D1-28CE-4D8A-BE88-3C9BC8A4D413}.Debug|x86.Build.0 = Debug|x86
		{6DB183D1-28CE-4D8A-BE88-3C9BC8A4D413}.Debug|x86.Deploy.0 = Debug|x86
		{6DB183D1-28CE-4D8A-BE88-3C9BC8A4D413}.Release|Any CPU.ActiveCfg = Release|x64
		{6DB183D1-28CE-4D8A-BE88-3C9BC8A4D413}.Release|Any CPU.Build.0 = Release|x64
		{6DB183D1-28CE-4D8A-BE88-3C9BC8A4D413}.Release|Any CPU.Deploy.0 = Release|x64
		{6DB183D1-28CE-4D8A-BE88-3C9BC8A4D413}.Release|ARM.ActiveCfg = Release|ARM
		{6DB183D1-28CE-4D8A-BE88-3C9BC8A4D413}.Release|ARM.Build.0 = Release|ARM
		{6DB183D1-28CE-4D8A-BE88-3C9BC8A4D413}.Release|ARM.Deploy.0 = Release|ARM
		{6DB183D1-28CE-4D8A-BE88-3C9BC8A4D413}.Release|iPhone.ActiveCfg = Release|x64
		{6DB183D1-28CE-4D8A-BE88-3C9BC8A4D413}.Release|iPhone.Build.0 = Release|x64
		{6DB183D1-28CE-4D8A-BE88-3C9BC8A4D413}.Release|iPhone.Deploy.0 = Release|x64
		{6DB183D1-28CE-4D8A-BE88-3C9BC8A4D413}.Release|iPhoneSimulator.ActiveCfg = Release|x64
		{6DB183D1-28CE-4D8A-BE88-3C9BC8A4D413}.Release|iPhoneSimulator.Build.0 = Release|x64
		{6DB183D1-28CE-4D8A-BE88-3C9BC8A4D413}.Release|iPhoneSimulator.Deploy.0 = Release|x64
		{6DB183D1-28CE-4D8A-BE88-3C9BC8A4D413}.Release|x64.ActiveCfg = Release|x64
		{6DB183D1-28CE-4D8A-BE88-3C9BC8A4D413}.Release|x64.Build.0 = Release|x64
		{6DB183D1-28CE-4D8A-BE88-3C9BC8A4D413}.Release|x64.Deploy.0 = Release|x64
		{6DB183D1-28CE-4D8A-BE88-3C9BC8A4D413}.Release|x86.ActiveCfg = Release|x86
		{6DB183D1-28CE-4D8A-BE88-3C9BC8A4D413}.Release|x86.Build.0 = Release|x86
		{6DB183D1-28CE-4D8A-BE88-3C9BC8A4D413}.Release|x86.Deploy.0 = Release|x86
		{939D332E-6CE3-4AE6-A4FE-CBE06FFEE366}.Debug|Any CPU.ActiveCfg = Debug|Any CPU
		{939D332E-6CE3-4AE6-A4FE-CBE06FFEE366}.Debug|Any CPU.Build.0 = Debug|Any CPU
		{939D332E-6CE3-4AE6-A4FE-CBE06FFEE366}.Debug|Any CPU.Deploy.0 = Debug|Any CPU
		{939D332E-6CE3-4AE6-A4FE-CBE06FFEE366}.Debug|ARM.ActiveCfg = Debug|Any CPU
		{939D332E-6CE3-4AE6-A4FE-CBE06FFEE366}.Debug|ARM.Build.0 = Debug|Any CPU
		{939D332E-6CE3-4AE6-A4FE-CBE06FFEE366}.Debug|ARM.Deploy.0 = Debug|Any CPU
		{939D332E-6CE3-4AE6-A4FE-CBE06FFEE366}.Debug|iPhone.ActiveCfg = Debug|Any CPU
		{939D332E-6CE3-4AE6-A4FE-CBE06FFEE366}.Debug|iPhone.Build.0 = Debug|Any CPU
		{939D332E-6CE3-4AE6-A4FE-CBE06FFEE366}.Debug|iPhone.Deploy.0 = Debug|Any CPU
		{939D332E-6CE3-4AE6-A4FE-CBE06FFEE366}.Debug|iPhoneSimulator.ActiveCfg = Debug|Any CPU
		{939D332E-6CE3-4AE6-A4FE-CBE06FFEE366}.Debug|iPhoneSimulator.Build.0 = Debug|Any CPU
		{939D332E-6CE3-4AE6-A4FE-CBE06FFEE366}.Debug|iPhoneSimulator.Deploy.0 = Debug|Any CPU
		{939D332E-6CE3-4AE6-A4FE-CBE06FFEE366}.Debug|x64.ActiveCfg = Debug|Any CPU
		{939D332E-6CE3-4AE6-A4FE-CBE06FFEE366}.Debug|x64.Build.0 = Debug|Any CPU
		{939D332E-6CE3-4AE6-A4FE-CBE06FFEE366}.Debug|x64.Deploy.0 = Debug|Any CPU
		{939D332E-6CE3-4AE6-A4FE-CBE06FFEE366}.Debug|x86.ActiveCfg = Debug|Any CPU
		{939D332E-6CE3-4AE6-A4FE-CBE06FFEE366}.Debug|x86.Build.0 = Debug|Any CPU
		{939D332E-6CE3-4AE6-A4FE-CBE06FFEE366}.Debug|x86.Deploy.0 = Debug|Any CPU
		{939D332E-6CE3-4AE6-A4FE-CBE06FFEE366}.Release|Any CPU.ActiveCfg = Release|Any CPU
		{939D332E-6CE3-4AE6-A4FE-CBE06FFEE366}.Release|Any CPU.Build.0 = Release|Any CPU
		{939D332E-6CE3-4AE6-A4FE-CBE06FFEE366}.Release|Any CPU.Deploy.0 = Release|Any CPU
		{939D332E-6CE3-4AE6-A4FE-CBE06FFEE366}.Release|ARM.ActiveCfg = Release|Any CPU
		{939D332E-6CE3-4AE6-A4FE-CBE06FFEE366}.Release|ARM.Build.0 = Release|Any CPU
		{939D332E-6CE3-4AE6-A4FE-CBE06FFEE366}.Release|ARM.Deploy.0 = Release|Any CPU
		{939D332E-6CE3-4AE6-A4FE-CBE06FFEE366}.Release|iPhone.ActiveCfg = Release|Any CPU
		{939D332E-6CE3-4AE6-A4FE-CBE06FFEE366}.Release|iPhone.Build.0 = Release|Any CPU
		{939D332E-6CE3-4AE6-A4FE-CBE06FFEE366}.Release|iPhone.Deploy.0 = Release|Any CPU
		{939D332E-6CE3-4AE6-A4FE-CBE06FFEE366}.Release|iPhoneSimulator.ActiveCfg = Release|Any CPU
		{939D332E-6CE3-4AE6-A4FE-CBE06FFEE366}.Release|iPhoneSimulator.Build.0 = Release|Any CPU
		{939D332E-6CE3-4AE6-A4FE-CBE06FFEE366}.Release|iPhoneSimulator.Deploy.0 = Release|Any CPU
		{939D332E-6CE3-4AE6-A4FE-CBE06FFEE366}.Release|x64.ActiveCfg = Release|Any CPU
		{939D332E-6CE3-4AE6-A4FE-CBE06FFEE366}.Release|x64.Build.0 = Release|Any CPU
		{939D332E-6CE3-4AE6-A4FE-CBE06FFEE366}.Release|x64.Deploy.0 = Release|Any CPU
		{939D332E-6CE3-4AE6-A4FE-CBE06FFEE366}.Release|x86.ActiveCfg = Release|Any CPU
		{939D332E-6CE3-4AE6-A4FE-CBE06FFEE366}.Release|x86.Build.0 = Release|Any CPU
		{939D332E-6CE3-4AE6-A4FE-CBE06FFEE366}.Release|x86.Deploy.0 = Release|Any CPU
		{46607308-4AC8-4847-932B-A0F4AF9FA786}.Debug|Any CPU.ActiveCfg = Debug|iPhoneSimulator
		{46607308-4AC8-4847-932B-A0F4AF9FA786}.Debug|Any CPU.Build.0 = Debug|iPhoneSimulator
		{46607308-4AC8-4847-932B-A0F4AF9FA786}.Debug|Any CPU.Deploy.0 = Debug|iPhoneSimulator
		{46607308-4AC8-4847-932B-A0F4AF9FA786}.Debug|ARM.ActiveCfg = Debug|iPhoneSimulator
		{46607308-4AC8-4847-932B-A0F4AF9FA786}.Debug|ARM.Build.0 = Debug|iPhoneSimulator
		{46607308-4AC8-4847-932B-A0F4AF9FA786}.Debug|ARM.Deploy.0 = Debug|iPhoneSimulator
		{46607308-4AC8-4847-932B-A0F4AF9FA786}.Debug|iPhone.ActiveCfg = Debug|iPhone
		{46607308-4AC8-4847-932B-A0F4AF9FA786}.Debug|iPhone.Build.0 = Debug|iPhone
		{46607308-4AC8-4847-932B-A0F4AF9FA786}.Debug|iPhone.Deploy.0 = Debug|iPhone
		{46607308-4AC8-4847-932B-A0F4AF9FA786}.Debug|iPhoneSimulator.ActiveCfg = Debug|iPhoneSimulator
		{46607308-4AC8-4847-932B-A0F4AF9FA786}.Debug|iPhoneSimulator.Build.0 = Debug|iPhoneSimulator
		{46607308-4AC8-4847-932B-A0F4AF9FA786}.Debug|iPhoneSimulator.Deploy.0 = Debug|iPhoneSimulator
		{46607308-4AC8-4847-932B-A0F4AF9FA786}.Debug|x64.ActiveCfg = Debug|iPhone
		{46607308-4AC8-4847-932B-A0F4AF9FA786}.Debug|x64.Build.0 = Debug|iPhone
		{46607308-4AC8-4847-932B-A0F4AF9FA786}.Debug|x64.Deploy.0 = Debug|iPhone
		{46607308-4AC8-4847-932B-A0F4AF9FA786}.Debug|x86.ActiveCfg = Debug|iPhoneSimulator
		{46607308-4AC8-4847-932B-A0F4AF9FA786}.Debug|x86.Build.0 = Debug|iPhoneSimulator
		{46607308-4AC8-4847-932B-A0F4AF9FA786}.Debug|x86.Deploy.0 = Debug|iPhoneSimulator
		{46607308-4AC8-4847-932B-A0F4AF9FA786}.Release|Any CPU.ActiveCfg = Release|iPhoneSimulator
		{46607308-4AC8-4847-932B-A0F4AF9FA786}.Release|Any CPU.Build.0 = Release|iPhoneSimulator
		{46607308-4AC8-4847-932B-A0F4AF9FA786}.Release|Any CPU.Deploy.0 = Release|iPhoneSimulator
		{46607308-4AC8-4847-932B-A0F4AF9FA786}.Release|ARM.ActiveCfg = Release|iPhoneSimulator
		{46607308-4AC8-4847-932B-A0F4AF9FA786}.Release|ARM.Build.0 = Release|iPhoneSimulator
		{46607308-4AC8-4847-932B-A0F4AF9FA786}.Release|ARM.Deploy.0 = Release|iPhoneSimulator
		{46607308-4AC8-4847-932B-A0F4AF9FA786}.Release|iPhone.ActiveCfg = Release|iPhone
		{46607308-4AC8-4847-932B-A0F4AF9FA786}.Release|iPhone.Build.0 = Release|iPhone
		{46607308-4AC8-4847-932B-A0F4AF9FA786}.Release|iPhone.Deploy.0 = Release|iPhone
		{46607308-4AC8-4847-932B-A0F4AF9FA786}.Release|iPhoneSimulator.ActiveCfg = Release|iPhoneSimulator
		{46607308-4AC8-4847-932B-A0F4AF9FA786}.Release|iPhoneSimulator.Build.0 = Release|iPhoneSimulator
		{46607308-4AC8-4847-932B-A0F4AF9FA786}.Release|iPhoneSimulator.Deploy.0 = Release|iPhoneSimulator
		{46607308-4AC8-4847-932B-A0F4AF9FA786}.Release|x64.ActiveCfg = Release|iPhoneSimulator
		{46607308-4AC8-4847-932B-A0F4AF9FA786}.Release|x64.Build.0 = Release|iPhoneSimulator
		{46607308-4AC8-4847-932B-A0F4AF9FA786}.Release|x64.Deploy.0 = Release|iPhoneSimulator
		{46607308-4AC8-4847-932B-A0F4AF9FA786}.Release|x86.ActiveCfg = Release|iPhoneSimulator
		{46607308-4AC8-4847-932B-A0F4AF9FA786}.Release|x86.Build.0 = Release|iPhoneSimulator
		{46607308-4AC8-4847-932B-A0F4AF9FA786}.Release|x86.Deploy.0 = Release|iPhoneSimulator
		{F2208F0E-787A-45E5-89E2-9496CFA59272}.Debug|Any CPU.ActiveCfg = Debug|Any CPU
		{F2208F0E-787A-45E5-89E2-9496CFA59272}.Debug|Any CPU.Build.0 = Debug|Any CPU
		{F2208F0E-787A-45E5-89E2-9496CFA59272}.Debug|Any CPU.Deploy.0 = Debug|Any CPU
		{F2208F0E-787A-45E5-89E2-9496CFA59272}.Debug|ARM.ActiveCfg = Debug|Any CPU
		{F2208F0E-787A-45E5-89E2-9496CFA59272}.Debug|ARM.Build.0 = Debug|Any CPU
		{F2208F0E-787A-45E5-89E2-9496CFA59272}.Debug|ARM.Deploy.0 = Debug|Any CPU
		{F2208F0E-787A-45E5-89E2-9496CFA59272}.Debug|iPhone.ActiveCfg = Debug|Any CPU
		{F2208F0E-787A-45E5-89E2-9496CFA59272}.Debug|iPhone.Build.0 = Debug|Any CPU
		{F2208F0E-787A-45E5-89E2-9496CFA59272}.Debug|iPhone.Deploy.0 = Debug|Any CPU
		{F2208F0E-787A-45E5-89E2-9496CFA59272}.Debug|iPhoneSimulator.ActiveCfg = Debug|Any CPU
		{F2208F0E-787A-45E5-89E2-9496CFA59272}.Debug|iPhoneSimulator.Build.0 = Debug|Any CPU
		{F2208F0E-787A-45E5-89E2-9496CFA59272}.Debug|iPhoneSimulator.Deploy.0 = Debug|Any CPU
		{F2208F0E-787A-45E5-89E2-9496CFA59272}.Debug|x64.ActiveCfg = Debug|Any CPU
		{F2208F0E-787A-45E5-89E2-9496CFA59272}.Debug|x64.Build.0 = Debug|Any CPU
		{F2208F0E-787A-45E5-89E2-9496CFA59272}.Debug|x64.Deploy.0 = Debug|Any CPU
		{F2208F0E-787A-45E5-89E2-9496CFA59272}.Debug|x86.ActiveCfg = Debug|Any CPU
		{F2208F0E-787A-45E5-89E2-9496CFA59272}.Debug|x86.Build.0 = Debug|Any CPU
		{F2208F0E-787A-45E5-89E2-9496CFA59272}.Debug|x86.Deploy.0 = Debug|Any CPU
		{F2208F0E-787A-45E5-89E2-9496CFA59272}.Release|Any CPU.ActiveCfg = Release|Any CPU
		{F2208F0E-787A-45E5-89E2-9496CFA59272}.Release|Any CPU.Build.0 = Release|Any CPU
		{F2208F0E-787A-45E5-89E2-9496CFA59272}.Release|Any CPU.Deploy.0 = Release|Any CPU
		{F2208F0E-787A-45E5-89E2-9496CFA59272}.Release|ARM.ActiveCfg = Release|Any CPU
		{F2208F0E-787A-45E5-89E2-9496CFA59272}.Release|ARM.Build.0 = Release|Any CPU
		{F2208F0E-787A-45E5-89E2-9496CFA59272}.Release|ARM.Deploy.0 = Release|Any CPU
		{F2208F0E-787A-45E5-89E2-9496CFA59272}.Release|iPhone.ActiveCfg = Release|Any CPU
		{F2208F0E-787A-45E5-89E2-9496CFA59272}.Release|iPhone.Build.0 = Release|Any CPU
		{F2208F0E-787A-45E5-89E2-9496CFA59272}.Release|iPhone.Deploy.0 = Release|Any CPU
		{F2208F0E-787A-45E5-89E2-9496CFA59272}.Release|iPhoneSimulator.ActiveCfg = Release|Any CPU
		{F2208F0E-787A-45E5-89E2-9496CFA59272}.Release|iPhoneSimulator.Build.0 = Release|Any CPU
		{F2208F0E-787A-45E5-89E2-9496CFA59272}.Release|iPhoneSimulator.Deploy.0 = Release|Any CPU
		{F2208F0E-787A-45E5-89E2-9496CFA59272}.Release|x64.ActiveCfg = Release|Any CPU
		{F2208F0E-787A-45E5-89E2-9496CFA59272}.Release|x64.Build.0 = Release|Any CPU
		{F2208F0E-787A-45E5-89E2-9496CFA59272}.Release|x64.Deploy.0 = Release|Any CPU
		{F2208F0E-787A-45E5-89E2-9496CFA59272}.Release|x86.ActiveCfg = Release|Any CPU
		{F2208F0E-787A-45E5-89E2-9496CFA59272}.Release|x86.Build.0 = Release|Any CPU
		{F2208F0E-787A-45E5-89E2-9496CFA59272}.Release|x86.Deploy.0 = Release|Any CPU
	EndGlobalSection
	GlobalSection(SolutionProperties) = preSolution
		HideSolutionNode = FALSE
	EndGlobalSection
	GlobalSection(ExtensibilityGlobals) = postSolution
		SolutionGuid = {D8080FCA-A971-4A1A-A27C-A3FE138A72CD}
	EndGlobalSection
EndGlobal
